{
  "version": 4,
  "terraform_version": "1.9.3",
  "serial": 16,
  "lineage": "683a9993-5eec-9516-f849-4c53a13b893e",
  "outputs": {},
  "resources": [
    {
      "mode": "managed",
      "type": "aws_s3_bucket",
      "name": "mybucket",
      "provider": "provider[\"registry.terraform.io/hashicorp/aws\"]",
      "instances": [
        {
          "schema_version": 0,
          "attributes": {
            "acceleration_status": "",
            "acl": null,
            "arn": "arn:aws:s3:::moniseeta-rps-terraform-bucket11",
            "bucket": "moniseeta-rps-terraform-bucket11",
            "bucket_domain_name": "moniseeta-rps-terraform-bucket11.s3.amazonaws.com",
            "bucket_prefix": "",
            "bucket_regional_domain_name": "moniseeta-rps-terraform-bucket11.s3.us-west-2.amazonaws.com",
            "cors_rule": [],
            "force_destroy": false,
            "grant": [
              {
                "id": "f4ab1c4ef984ebde82e3ccae5c0bf0e27929a3f520b53e865a4d1a96ac40443e",
                "permissions": [
                  "FULL_CONTROL"
                ],
                "type": "CanonicalUser",
                "uri": ""
              }
            ],
            "hosted_zone_id": "Z3BJ6K6RIION7M",
            "id": "moniseeta-rps-terraform-bucket11",
            "lifecycle_rule": [],
            "logging": [],
            "object_lock_configuration": [],
            "object_lock_enabled": false,
            "policy": "",
            "region": "us-west-2",
            "replication_configuration": [],
            "request_payer": "BucketOwner",
            "server_side_encryption_configuration": [
              {
                "rule": [
                  {
                    "apply_server_side_encryption_by_default": [
                      {
                        "kms_master_key_id": "",
                        "sse_algorithm": "AES256"
                      }
                    ],
                    "bucket_key_enabled": false
                  }
                ]
              }
            ],
            "tags": {
              "Name": "myfirstbucket"
            },
            "tags_all": {
              "Name": "myfirstbucket"
            },
            "timeouts": null,
            "versioning": [
              {
                "enabled": false,
                "mfa_delete": false
              }
            ],
            "website": [],
            "website_domain": null,
            "website_endpoint": null
          },
          "sensitive_attributes": [],
          "private": "eyJlMmJmYjczMC1lY2FhLTExZTYtOGY4OC0zNDM2M2JjN2M0YzAiOnsiY3JlYXRlIjoxMjAwMDAwMDAwMDAwLCJkZWxldGUiOjM2MDAwMDAwMDAwMDAsInJlYWQiOjEyMDAwMDAwMDAwMDAsInVwZGF0ZSI6MTIwMDAwMDAwMDAwMH19"
        }
      ]
    },
    {
      "mode": "managed",
      "type": "aws_s3_bucket_object",
      "name": "myobject",
      "provider": "provider[\"registry.terraform.io/hashicorp/aws\"]",
      "instances": [
        {
          "schema_version": 0,
          "attributes": {
            "acl": "private",
            "arn": "arn:aws:s3:::moniseeta-rps-terraform-bucket11/myprojectpage",
            "bucket": "moniseeta-rps-terraform-bucket11",
            "bucket_key_enabled": false,
            "cache_control": "",
            "content": null,
            "content_base64": null,
            "content_disposition": "",
            "content_encoding": "",
            "content_language": "",
            "content_type": "application/octet-stream",
            "etag": "de2517f9628c66793376dbcbbf89c205",
            "force_destroy": false,
            "id": "myprojectpage",
            "key": "myprojectpage",
            "kms_key_id": null,
            "metadata": null,
            "object_lock_legal_hold_status": "",
            "object_lock_mode": "",
            "object_lock_retain_until_date": "",
            "server_side_encryption": "AES256",
            "source": "index.html",
            "source_hash": null,
            "storage_class": "STANDARD",
            "tags": null,
            "tags_all": {},
            "version_id": "",
            "website_redirect": ""
          },
          "sensitive_attributes": [],
          "private": "bnVsbA==",
          "dependencies": [
            "aws_s3_bucket.mybucket"
          ]
        }
      ]
    },
    {
      "mode": "managed",
      "type": "local_file",
      "name": "welcome",
      "provider": "provider[\"registry.terraform.io/hashicorp/local\"]",
      "instances": [
        {
          "schema_version": 0,
          "attributes": {
            "content": "Welcome. Good morning",
            "content_base64": null,
            "content_base64sha256": "6aptdp8Z4NmLGbW3Z6Dx5Rb8BM5npyngT5PZ+DQWmIQ=",
            "content_base64sha512": "jG5F0ZqyQXFEdZcRAczMNjtMhtDsvmyXnqxxuLooDREBsl1D3J/gPeO4nlwzaBuGYvrp8JDsWOrl9vmlURA6dQ==",
            "content_md5": "de2517f9628c66793376dbcbbf89c205",
            "content_sha1": "4276f61d0b34e5c6b5e58bf256e459ed807b95d9",
            "content_sha256": "e9aa6d769f19e0d98b19b5b767a0f1e516fc04ce67a729e04f93d9f834169884",
            "content_sha512": "8c6e45d19ab241714475971101cccc363b4c86d0ecbe6c979eac71b8ba280d1101b25d43dc9fe03de3b89e5c33681b8662fae9f090ec58eae5f6f9a551103a75",
            "directory_permission": "0777",
            "file_permission": "0777",
            "filename": "index.html",
            "id": "4276f61d0b34e5c6b5e58bf256e459ed807b95d9",
            "sensitive_content": null,
            "source": null
          },
          "sensitive_attributes": [
            [
              {
                "type": "get_attr",
                "value": "sensitive_content"
              }
            ]
          ]
        }
      ]
    }
  ],
  "check_results": null
}
